// !$*UTF8*$!
{
	archiveVersion = 1;
	classes = {
	};
	objectVersion = 56;
	objects = {

/* Begin PBXBuildFile section */
		8C4E22422B0D5BB7006D70ED /* main.c in Sources */ = {isa = PBXBuildFile; fileRef = 8C4E22412B0D5BB7006D70ED /* main.c */; };
		8C4E22442B0D5C28006D70ED /* netapi_dl.c in Sources */ = {isa = PBXBuildFile; fileRef = 8C4E22432B0D5C28006D70ED /* netapi_dl.c */; };
		8C4E22492B0D5D35006D70ED /* netapi_init.c in Sources */ = {isa = PBXBuildFile; fileRef = 8C4E22482B0D5D35006D70ED /* netapi_init.c */; };
		8C4E224C2B0D6A80006D70ED /* libcurl.tbd in Frameworks */ = {isa = PBXBuildFile; fileRef = 8C4E224B2B0D6A7F006D70ED /* libcurl.tbd */; };
		8C4E224E2B0D6B94006D70ED /* utils.c in Sources */ = {isa = PBXBuildFile; fileRef = 8C4E224D2B0D6B94006D70ED /* utils.c */; };
		8C4E22522B0D773F006D70ED /* hltva_init.c in Sources */ = {isa = PBXBuildFile; fileRef = 8C4E22512B0D773F006D70ED /* hltva_init.c */; };
		8C4E22542B0D7799006D70ED /* hltva_generate.c in Sources */ = {isa = PBXBuildFile; fileRef = 8C4E22532B0D7799006D70ED /* hltva_generate.c */; };
/* End PBXBuildFile section */

/* Begin PBXCopyFilesBuildPhase section */
		8C4E22352B0D5BA9006D70ED /* CopyFiles */ = {
			isa = PBXCopyFilesBuildPhase;
			buildActionMask = 2147483647;
			dstPath = /usr/share/man/man1/;
			dstSubfolderSpec = 0;
			files = (
			);
			runOnlyForDeploymentPostprocessing = 1;
		};
/* End PBXCopyFilesBuildPhase section */

/* Begin PBXFileReference section */
		8C4E22372B0D5BA9006D70ED /* hltv-rank-analysis */ = {isa = PBXFileReference; explicitFileType = "compiled.mach-o.executable"; includeInIndex = 0; path = "hltv-rank-analysis"; sourceTree = BUILT_PRODUCTS_DIR; };
		8C4E22412B0D5BB7006D70ED /* main.c */ = {isa = PBXFileReference; lastKnownFileType = sourcecode.c.c; path = main.c; sourceTree = "<group>"; };
		8C4E22432B0D5C28006D70ED /* netapi_dl.c */ = {isa = PBXFileReference; lastKnownFileType = sourcecode.c.c; path = netapi_dl.c; sourceTree = "<group>"; };
		8C4E22452B0D5C33006D70ED /* basetypes.h */ = {isa = PBXFileReference; lastKnownFileType = sourcecode.c.h; path = basetypes.h; sourceTree = "<group>"; };
		8C4E22472B0D5C86006D70ED /* netapi.h */ = {isa = PBXFileReference; lastKnownFileType = sourcecode.c.h; path = netapi.h; sourceTree = "<group>"; };
		8C4E22482B0D5D35006D70ED /* netapi_init.c */ = {isa = PBXFileReference; lastKnownFileType = sourcecode.c.c; path = netapi_init.c; sourceTree = "<group>"; };
		8C4E224B2B0D6A7F006D70ED /* libcurl.tbd */ = {isa = PBXFileReference; lastKnownFileType = "sourcecode.text-based-dylib-definition"; name = libcurl.tbd; path = usr/lib/libcurl.tbd; sourceTree = SDKROOT; };
		8C4E224D2B0D6B94006D70ED /* utils.c */ = {isa = PBXFileReference; lastKnownFileType = sourcecode.c.c; path = utils.c; sourceTree = "<group>"; };
		8C4E22502B0D7581006D70ED /* hltva.h */ = {isa = PBXFileReference; lastKnownFileType = sourcecode.c.h; path = hltva.h; sourceTree = "<group>"; };
		8C4E22512B0D773F006D70ED /* hltva_init.c */ = {isa = PBXFileReference; lastKnownFileType = sourcecode.c.c; path = hltva_init.c; sourceTree = "<group>"; };
		8C4E22532B0D7799006D70ED /* hltva_generate.c */ = {isa = PBXFileReference; lastKnownFileType = sourcecode.c.c; path = hltva_generate.c; sourceTree = "<group>"; };
/* End PBXFileReference section */

/* Begin PBXFrameworksBuildPhase section */
		8C4E22342B0D5BA9006D70ED /* Frameworks */ = {
			isa = PBXFrameworksBuildPhase;
			buildActionMask = 2147483647;
			files = (
				8C4E224C2B0D6A80006D70ED /* libcurl.tbd in Frameworks */,
			);
			runOnlyForDeploymentPostprocessing = 0;
		};
/* End PBXFrameworksBuildPhase section */

/* Begin PBXGroup section */
		8C4E222E2B0D5BA9006D70ED = {
			isa = PBXGroup;
			children = (
				8C4E22552B0E8148006D70ED /* csv */,
				8C4E224F2B0D757A006D70ED /* hltva */,
				8C4E224D2B0D6B94006D70ED /* utils.c */,
				8C4E22462B0D5C7D006D70ED /* netapi */,
				8C4E22452B0D5C33006D70ED /* basetypes.h */,
				8C4E22412B0D5BB7006D70ED /* main.c */,
				8C4E22382B0D5BA9006D70ED /* Products */,
				8C4E224A2B0D6A7F006D70ED /* Frameworks */,
			);
			sourceTree = "<group>";
		};
		8C4E22382B0D5BA9006D70ED /* Products */ = {
			isa = PBXGroup;
			children = (
				8C4E22372B0D5BA9006D70ED /* hltv-rank-analysis */,
			);
			name = Products;
			sourceTree = "<group>";
		};
		8C4E22462B0D5C7D006D70ED /* netapi */ = {
			isa = PBXGroup;
			children = (
				8C4E22432B0D5C28006D70ED /* netapi_dl.c */,
				8C4E22472B0D5C86006D70ED /* netapi.h */,
				8C4E22482B0D5D35006D70ED /* netapi_init.c */,
			);
			path = netapi;
			sourceTree = "<group>";
		};
		8C4E224A2B0D6A7F006D70ED /* Frameworks */ = {
			isa = PBXGroup;
			children = (
				8C4E224B2B0D6A7F006D70ED /* libcurl.tbd */,
			);
			name = Frameworks;
			sourceTree = "<group>";
		};
		8C4E224F2B0D757A006D70ED /* hltva */ = {
			isa = PBXGroup;
			children = (
				8C4E22502B0D7581006D70ED /* hltva.h */,
				8C4E22512B0D773F006D70ED /* hltva_init.c */,
				8C4E22532B0D7799006D70ED /* hltva_generate.c */,
			);
			path = hltva;
			sourceTree = "<group>";
		};
		8C4E22552B0E8148006D70ED /* csv */ = {
			isa = PBXGroup;
			children = (
			);
			path = csv;
			sourceTree = "<group>";
		};
/* End PBXGroup section */

/* Begin PBXNativeTarget section */
		8C4E22362B0D5BA9006D70ED /* hltv-rank-analysis */ = {
			isa = PBXNativeTarget;
			buildConfigurationList = 8C4E223E2B0D5BA9006D70ED /* Build configuration list for PBXNativeTarget "hltv-rank-analysis" */;
			buildPhases = (
				8C4E22332B0D5BA9006D70ED /* Sources */,
				8C4E22342B0D5BA9006D70ED /* Frameworks */,
				8C4E22352B0D5BA9006D70ED /* CopyFiles */,
			);
			buildRules = (
			);
			dependencies = (
			);
			name = "hltv-rank-analysis";
			productName = "hltv-rank-analysis";
			productReference = 8C4E22372B0D5BA9006D70ED /* hltv-rank-analysis */;
			productType = "com.apple.product-type.tool";
		};
/* End PBXNativeTarget section */

/* Begin PBXProject section */
		8C4E222F2B0D5BA9006D70ED /* Project object */ = {
			isa = PBXProject;
			attributes = {
				BuildIndependentTargetsInParallel = 1;
				LastUpgradeCheck = 1500;
				TargetAttributes = {
					8C4E22362B0D5BA9006D70ED = {
						CreatedOnToolsVersion = 15.0.1;
					};
				};
			};
			buildConfigurationList = 8C4E22322B0D5BA9006D70ED /* Build configuration list for PBXProject "hltv-rank-analysis" */;
			compatibilityVersion = "Xcode 14.0";
			developmentRegion = en;
			hasScannedForEncodings = 0;
			knownRegions = (
				en,
				Base,
			);
			mainGroup = 8C4E222E2B0D5BA9006D70ED;
			productRefGroup = 8C4E22382B0D5BA9006D70ED /* Products */;
			projectDirPath = "";
			projectRoot = "";
			targets = (
				8C4E22362B0D5BA9006D70ED /* hltv-rank-analysis */,
			);
		};
/* End PBXProject section */

/* Begin PBXSourcesBuildPhase section */
		8C4E22332B0D5BA9006D70ED /* Sources */ = {
			isa = PBXSourcesBuildPhase;
			buildActionMask = 2147483647;
			files = (
				8C4E22542B0D7799006D70ED /* hltva_generate.c in Sources */,
				8C4E22422B0D5BB7006D70ED /* main.c in Sources */,
				8C4E224E2B0D6B94006D70ED /* utils.c in Sources */,
				8C4E22492B0D5D35006D70ED /* netapi_init.c in Sources */,
				8C4E22522B0D773F006D70ED /* hltva_init.c in Sources */,
				8C4E22442B0D5C28006D70ED /* netapi_dl.c in Sources */,
			);
			runOnlyForDeploymentPostprocessing = 0;
		};
/* End PBXSourcesBuildPhase section */

/* Begin XCBuildConfiguration section */
		8C4E223C2B0D5BA9006D70ED /* Debug */ = {
			isa = XCBuildConfiguration;
			buildSettings = {
				ALWAYS_SEARCH_USER_PATHS = NO;
				ASSETCATALOG_COMPILER_GENERATE_SWIFT_ASSET_SYMBOL_EXTENSIONS = YES;
				CLANG_ANALYZER_NONNULL = YES;
				CLANG_ANALYZER_NUMBER_OBJECT_CONVERSION = YES_AGGRESSIVE;
				CLANG_CXX_LANGUAGE_STANDARD = "gnu++20";
				CLANG_ENABLE_MODULES = YES;
				CLANG_ENABLE_OBJC_ARC = YES;
				CLANG_ENABLE_OBJC_WEAK = YES;
				CLANG_WARN_BLOCK_CAPTURE_AUTORELEASING = YES;
				CLANG_WARN_BOOL_CONVERSION = YES;
				CLANG_WARN_COMMA = YES;
				CLANG_WARN_CONSTANT_CONVERSION = YES;
				CLANG_WARN_DEPRECATED_OBJC_IMPLEMENTATIONS = YES;
				CLANG_WARN_DIRECT_OBJC_ISA_USAGE = YES_ERROR;
				CLANG_WARN_DOCUMENTATION_COMMENTS = YES;
				CLANG_WARN_EMPTY_BODY = YES;
				CLANG_WARN_ENUM_CONVERSION = YES;
				CLANG_WARN_INFINITE_RECURSION = YES;
				CLANG_WARN_INT_CONVERSION = YES;
				CLANG_WARN_NON_LITERAL_NULL_CONVERSION = YES;
				CLANG_WARN_OBJC_IMPLICIT_RETAIN_SELF = YES;
				CLANG_WARN_OBJC_LITERAL_CONVERSION = YES;
				CLANG_WARN_OBJC_ROOT_CLASS = YES_ERROR;
				CLANG_WARN_QUOTED_INCLUDE_IN_FRAMEWORK_HEADER = YES;
				CLANG_WARN_RANGE_LOOP_ANALYSIS = YES;
				CLANG_WARN_STRICT_PROTOTYPES = YES;
				CLANG_WARN_SUSPICIOUS_MOVE = YES;
				CLANG_WARN_UNGUARDED_AVAILABILITY = YES_AGGRESSIVE;
				CLANG_WARN_UNREACHABLE_CODE = YES;
				CLANG_WARN__DUPLICATE_METHOD_MATCH = YES;
				COPY_PHASE_STRIP = NO;
				DEBUG_INFORMATION_FORMAT = dwarf;
				ENABLE_STRICT_OBJC_MSGSEND = YES;
				ENABLE_TESTABILITY = YES;
				ENABLE_USER_SCRIPT_SANDBOXING = YES;
				GCC_C_LANGUAGE_STANDARD = gnu17;
				GCC_DYNAMIC_NO_PIC = NO;
				GCC_NO_COMMON_BLOCKS = YES;
				GCC_OPTIMIZATION_LEVEL = 0;
				GCC_PREPROCESSOR_DEFINITIONS = (
					"DEBUG=1",
					"$(inherited)",
				);
				GCC_WARN_64_TO_32_BIT_CONVERSION = YES;
				GCC_WARN_ABOUT_RETURN_TYPE = YES_ERROR;
				GCC_WARN_UNDECLARED_SELECTOR = YES;
				GCC_WARN_UNINITIALIZED_AUTOS = YES_AGGRESSIVE;
				GCC_WARN_UNUSED_FUNCTION = YES;
				GCC_WARN_UNUSED_VARIABLE = YES;
				LOCALIZATION_PREFERS_STRING_CATALOGS = YES;
				MACOSX_DEPLOYMENT_TARGET = 14.0;
				MTL_ENABLE_DEBUG_INFO = INCLUDE_SOURCE;
				MTL_FAST_MATH = YES;
				ONLY_ACTIVE_ARCH = YES;
				SDKROOT = macosx;
			};
			name = Debug;
		};
		8C4E223D2B0D5BA9006D70ED /* Release */ = {
			isa = XCBuildConfiguration;
			buildSettings = {
				ALWAYS_SEARCH_USER_PATHS = NO;
				ASSETCATALOG_COMPILER_GENERATE_SWIFT_ASSET_SYMBOL_EXTENSIONS = YES;
				CLANG_ANALYZER_NONNULL = YES;
				CLANG_ANALYZER_NUMBER_OBJECT_CONVERSION = YES_AGGRESSIVE;
				CLANG_CXX_LANGUAGE_STANDARD = "gnu++20";
				CLANG_ENABLE_MODULES = YES;
				CLANG_ENABLE_OBJC_ARC = YES;
				CLANG_ENABLE_OBJC_WEAK = YES;
				CLANG_WARN_BLOCK_CAPTURE_AUTORELEASING = YES;
				CLANG_WARN_BOOL_CONVERSION = YES;
				CLANG_WARN_COMMA = YES;
				CLANG_WARN_CONSTANT_CONVERSION = YES;
				CLANG_WARN_DEPRECATED_OBJC_IMPLEMENTATIONS = YES;
				CLANG_WARN_DIRECT_OBJC_ISA_USAGE = YES_ERROR;
				CLANG_WARN_DOCUMENTATION_COMMENTS = YES;
				CLANG_WARN_EMPTY_BODY = YES;
				CLANG_WARN_ENUM_CONVERSION = YES;
				CLANG_WARN_INFINITE_RECURSION = YES;
				CLANG_WARN_INT_CONVERSION = YES;
				CLANG_WARN_NON_LITERAL_NULL_CONVERSION = YES;
				CLANG_WARN_OBJC_IMPLICIT_RETAIN_SELF = YES;
				CLANG_WARN_OBJC_LITERAL_CONVERSION = YES;
				CLANG_WARN_OBJC_ROOT_CLASS = YES_ERROR;
				CLANG_WARN_QUOTED_INCLUDE_IN_FRAMEWORK_HEADER = YES;
				CLANG_WARN_RANGE_LOOP_ANALYSIS = YES;
				CLANG_WARN_STRICT_PROTOTYPES = YES;
				CLANG_WARN_SUSPICIOUS_MOVE = YES;
				CLANG_WARN_UNGUARDED_AVAILABILITY = YES_AGGRESSIVE;
				CLANG_WARN_UNREACHABLE_CODE = YES;
				CLANG_WARN__DUPLICATE_METHOD_MATCH = YES;
				COPY_PHASE_STRIP = NO;
				DEBUG_INFORMATION_FORMAT = "dwarf-with-dsym";
				ENABLE_NS_ASSERTIONS = NO;
				ENABLE_STRICT_OBJC_MSGSEND = YES;
				ENABLE_USER_SCRIPT_SANDBOXING = YES;
				GCC_C_LANGUAGE_STANDARD = gnu17;
				GCC_NO_COMMON_BLOCKS = YES;
				GCC_WARN_64_TO_32_BIT_CONVERSION = YES;
				GCC_WARN_ABOUT_RETURN_TYPE = YES_ERROR;
				GCC_WARN_UNDECLARED_SELECTOR = YES;
				GCC_WARN_UNINITIALIZED_AUTOS = YES_AGGRESSIVE;
				GCC_WARN_UNUSED_FUNCTION = YES;
				GCC_WARN_UNUSED_VARIABLE = YES;
				LOCALIZATION_PREFERS_STRING_CATALOGS = YES;
				MACOSX_DEPLOYMENT_TARGET = 14.0;
				MTL_ENABLE_DEBUG_INFO = NO;
				MTL_FAST_MATH = YES;
				SDKROOT = macosx;
			};
			name = Release;
		};
		8C4E223F2B0D5BA9006D70ED /* Debug */ = {
			isa = XCBuildConfiguration;
			buildSettings = {
				CODE_SIGN_STYLE = Automatic;
				PRODUCT_NAME = "$(TARGET_NAME)";
			};
			name = Debug;
		};
		8C4E22402B0D5BA9006D70ED /* Release */ = {
			isa = XCBuildConfiguration;
			buildSettings = {
				CODE_SIGN_STYLE = Automatic;
				PRODUCT_NAME = "$(TARGET_NAME)";
			};
			name = Release;
		};
/* End XCBuildConfiguration section */

/* Begin XCConfigurationList section */
		8C4E22322B0D5BA9006D70ED /* Build configuration list for PBXProject "hltv-rank-analysis" */ = {
			isa = XCConfigurationList;
			buildConfigurations = (
				8C4E223C2B0D5BA9006D70ED /* Debug */,
				8C4E223D2B0D5BA9006D70ED /* Release */,
			);
			defaultConfigurationIsVisible = 0;
			defaultConfigurationName = Release;
		};
		8C4E223E2B0D5BA9006D70ED /* Build configuration list for PBXNativeTarget "hltv-rank-analysis" */ = {
			isa = XCConfigurationList;
			buildConfigurations = (
				8C4E223F2B0D5BA9006D70ED /* Debug */,
				8C4E22402B0D5BA9006D70ED /* Release */,
			);
			defaultConfigurationIsVisible = 0;
			defaultConfigurationName = Release;
		};
/* End XCConfigurationList section */
	};
	rootObject = 8C4E222F2B0D5BA9006D70ED /* Project object */;
}
